
Microsoft Visual Studio Solution File, Format Version 12.00
# Visual Studio 15
VisualStudioVersion = 15.0.27703.2035
MinimumVisualStudioVersion = 10.0.40219.1
Project("{FAE04EC0-301F-11D3-BF4B-00C04F79EFBC}") = "WebApplicationDevelopingSam", "WebApplicationDevelopingSam\WebApplicationDevelopingSam.csproj", "{62F3C70B-8597-4BC6-BD45-158DD09E2234}"
EndProject
Project("{FAE04EC0-301F-11D3-BF4B-00C04F79EFBC}") = "UnitTestProject1", "UnitTestProject1\UnitTestProject1.csproj", "{CD20C044-6157-470A-8BE0-1D5AD70EBBFB}"
EndProject
Global
	GlobalSection(SolutionConfigurationPlatforms) = preSolution
		Debug|Any CPU = Debug|Any CPU
		Release|Any CPU = Release|Any CPU
	EndGlobalSection
	GlobalSection(ProjectConfigurationPlatforms) = postSolution
		{62F3C70B-8597-4BC6-BD45-158DD09E2234}.Debug|Any CPU.ActiveCfg = Debug|Any CPU
		{62F3C70B-8597-4BC6-BD45-158DD09E2234}.Debug|Any CPU.Build.0 = Debug|Any CPU
		{62F3C70B-8597-4BC6-BD45-158DD09E2234}.Release|Any CPU.ActiveCfg = Release|Any CPU
		{62F3C70B-8597-4BC6-BD45-158DD09E2234}.Release|Any CPU.Build.0 = Release|Any CPU
		{CD20C044-6157-470A-8BE0-1D5AD70EBBFB}.Debug|Any CPU.ActiveCfg = Debug|Any CPU
		{CD20C044-6157-470A-8BE0-1D5AD70EBBFB}.Debug|Any CPU.Build.0 = Debug|Any CPU
		{CD20C044-6157-470A-8BE0-1D5AD70EBBFB}.Release|Any CPU.ActiveCfg = Release|Any CPU
		{CD20C044-6157-470A-8BE0-1D5AD70EBBFB}.Release|Any CPU.Build.0 = Release|Any CPU
	EndGlobalSection
	GlobalSection(SolutionProperties) = preSolution
		HideSolutionNode = FALSE
	EndGlobalSection
	GlobalSection(ExtensibilityGlobals) = postSolution
		SolutionGuid = {CDB98A19-EC91-4355-A31F-B527874BE0EC}
	EndGlobalSection
EndGlobal
